<?xml version="1.0" encoding="utf-8"?>
<Project ToolsVersion="4.0" xmlns="http://schemas.microsoft.com/developer/msbuild/2003">
  <ItemGroup>
    <Filter Include="App">
      <UniqueIdentifier>{4FC737F1-C7A5-4376-A066-2A32D752A2FF}</UniqueIdentifier>
      <Extensions>cpp;c;cxx;def;odl;idl;hpj;bat;asm;asmx</Extensions>
    </Filter>
    <Filter Include="uCOS-II">
      <UniqueIdentifier>{9857d087-e5db-48b9-87f9-5577c154a6e7}</UniqueIdentifier>
    </Filter>
    <Filter Include="uCOS-II-Port">
      <UniqueIdentifier>{7ca701e5-d592-4e1e-b191-ee59bdce4e4a}</UniqueIdentifier>
    </Filter>
  </ItemGroup>
  <ItemGroup>
    <ClCompile Include="app.c">
      <Filter>App</Filter>
    </ClCompile>
    <ClCompile Include="..\..\..\..\..\uCOS-II\Source\os_core.c">
      <Filter>uCOS-II</Filter>
    </ClCompile>
    <ClCompile Include="..\..\..\..\..\uCOS-II\Source\os_dbg_r.c">
      <Filter>uCOS-II</Filter>
    </ClCompile>
    <ClCompile Include="..\..\..\..\..\uCOS-II\Source\os_flag.c">
      <Filter>uCOS-II</Filter>
    </ClCompile>
    <ClCompile Include="..\..\..\..\..\uCOS-II\Source\os_mbox.c">
      <Filter>uCOS-II</Filter>
    </ClCompile>
    <ClCompile Include="..\..\..\..\..\uCOS-II\Source\os_mem.c">
      <Filter>uCOS-II</Filter>
    </ClCompile>
    <ClCompile Include="..\..\..\..\..\uCOS-II\Source\os_mutex.c">
      <Filter>uCOS-II</Filter>
    </ClCompile>
    <ClCompile Include="..\..\..\..\..\uCOS-II\Source\os_q.c">
      <Filter>uCOS-II</Filter>
    </ClCompile>
    <ClCompile Include="..\..\..\..\..\uCOS-II\Source\os_sem.c">
      <Filter>uCOS-II</Filter>
    </ClCompile>
    <ClCompile Include="..\..\..\..\..\uCOS-II\Source\os_task.c">
      <Filter>uCOS-II</Filter>
    </ClCompile>
    <ClCompile Include="..\..\..\..\..\uCOS-II\Source\os_time.c">
      <Filter>uCOS-II</Filter>
    </ClCompile>
    <ClCompile Include="..\..\..\..\..\ucos-ii\source\os_tmr.c">
      <Filter>uCOS-II</Filter>
    </ClCompile>
    <ClCompile Include="..\..\..\..\..\uCOS-II\Ports\Win32\os_cpu_c.c">
      <Filter>uCOS-II-Port</Filter>
    </ClCompile>
    <ClCompile Include="..\..\..\..\..\uCOS-II\Ports\Win32\os_trace.c">
      <Filter>uCOS-II-Port</Filter>
    </ClCompile>
  </ItemGroup>
  <ItemGroup>
    <ClInclude Include="app_cfg.h">
      <Filter>App</Filter>
    </ClInclude>
    <ClInclude Include="includes.h">
      <Filter>App</Filter>
    </ClInclude>
    <ClInclude Include="os_cfg.h">
      <Filter>App</Filter>
    </ClInclude>
    <ClInclude Include="..\..\..\..\..\uCOS-II\Source\os_cfg_r.h">
      <Filter>uCOS-II</Filter>
    </ClInclude>
    <ClInclude Include="..\..\..\..\..\uCOS-II\Ports\Win32\os_cpu.h">
      <Filter>uCOS-II-Port</Filter>
    </ClInclude>
    <ClInclude Include="..\..\..\..\..\uCOS-II\Ports\Win32\os_trace.h">
      <Filter>uCOS-II-Port</Filter>
    </ClInclude>
  </ItemGroup>
</Project>