
Microsoft Visual Studio Solution File, Format Version 9.00
# Visual Studio 2005
Project("{8BC9CEB8-8B4A-11D0-8D11-00A0C91BC942}") = "dvoraksip", "dvoraksip.vcproj", "{AE1CEF51-1EBC-4935-A27D-1648CAAB205F}"
EndProject
Project("{B900F1C2-3D47-4FEC-85B3-04AAF18C3634}") = "Dvorak_CABInstaller", "Dvorak_CABInstaller\Dvorak_CABInstaller.vddproj", "{00FD9B15-E808-45FB-9CA9-FBC152582041}"
EndProject
Global
	GlobalSection(SolutionConfigurationPlatforms) = preSolution
		Debug|Pocket PC 2003 (ARMV4) = Debug|Pocket PC 2003 (ARMV4)
		Debug|Smartphone 2003 (ARMV4) = Debug|Smartphone 2003 (ARMV4)
		Debug|Windows Mobile 5.0 Pocket PC SDK (ARMV4I) = Debug|Windows Mobile 5.0 Pocket PC SDK (ARMV4I)
		Debug|Windows Mobile 5.0 Smartphone SDK (ARMV4I) = Debug|Windows Mobile 5.0 Smartphone SDK (ARMV4I)
		Release|Pocket PC 2003 (ARMV4) = Release|Pocket PC 2003 (ARMV4)
		Release|Smartphone 2003 (ARMV4) = Release|Smartphone 2003 (ARMV4)
		Release|Windows Mobile 5.0 Pocket PC SDK (ARMV4I) = Release|Windows Mobile 5.0 Pocket PC SDK (ARMV4I)
		Release|Windows Mobile 5.0 Smartphone SDK (ARMV4I) = Release|Windows Mobile 5.0 Smartphone SDK (ARMV4I)
	EndGlobalSection
	GlobalSection(ProjectConfigurationPlatforms) = postSolution
		{AE1CEF51-1EBC-4935-A27D-1648CAAB205F}.Debug|Pocket PC 2003 (ARMV4).ActiveCfg = Debug|Pocket PC 2003 (ARMV4)
		{AE1CEF51-1EBC-4935-A27D-1648CAAB205F}.Debug|Pocket PC 2003 (ARMV4).Build.0 = Debug|Pocket PC 2003 (ARMV4)
		{AE1CEF51-1EBC-4935-A27D-1648CAAB205F}.Debug|Pocket PC 2003 (ARMV4).Deploy.0 = Debug|Pocket PC 2003 (ARMV4)
		{AE1CEF51-1EBC-4935-A27D-1648CAAB205F}.Debug|Smartphone 2003 (ARMV4).ActiveCfg = Debug|Smartphone 2003 (ARMV4)
		{AE1CEF51-1EBC-4935-A27D-1648CAAB205F}.Debug|Smartphone 2003 (ARMV4).Build.0 = Debug|Smartphone 2003 (ARMV4)
		{AE1CEF51-1EBC-4935-A27D-1648CAAB205F}.Debug|Smartphone 2003 (ARMV4).Deploy.0 = Debug|Smartphone 2003 (ARMV4)
		{AE1CEF51-1EBC-4935-A27D-1648CAAB205F}.Debug|Windows Mobile 5.0 Pocket PC SDK (ARMV4I).ActiveCfg = Debug|Windows Mobile 5.0 Pocket PC SDK (ARMV4I)
		{AE1CEF51-1EBC-4935-A27D-1648CAAB205F}.Debug|Windows Mobile 5.0 Pocket PC SDK (ARMV4I).Build.0 = Debug|Windows Mobile 5.0 Pocket PC SDK (ARMV4I)
		{AE1CEF51-1EBC-4935-A27D-1648CAAB205F}.Debug|Windows Mobile 5.0 Pocket PC SDK (ARMV4I).Deploy.0 = Debug|Windows Mobile 5.0 Pocket PC SDK (ARMV4I)
		{AE1CEF51-1EBC-4935-A27D-1648CAAB205F}.Debug|Windows Mobile 5.0 Smartphone SDK (ARMV4I).ActiveCfg = Debug|Windows Mobile 5.0 Smartphone SDK (ARMV4I)
		{AE1CEF51-1EBC-4935-A27D-1648CAAB205F}.Debug|Windows Mobile 5.0 Smartphone SDK (ARMV4I).Build.0 = Debug|Windows Mobile 5.0 Smartphone SDK (ARMV4I)
		{AE1CEF51-1EBC-4935-A27D-1648CAAB205F}.Debug|Windows Mobile 5.0 Smartphone SDK (ARMV4I).Deploy.0 = Debug|Windows Mobile 5.0 Smartphone SDK (ARMV4I)
		{AE1CEF51-1EBC-4935-A27D-1648CAAB205F}.Release|Pocket PC 2003 (ARMV4).ActiveCfg = Release|Pocket PC 2003 (ARMV4)
		{AE1CEF51-1EBC-4935-A27D-1648CAAB205F}.Release|Pocket PC 2003 (ARMV4).Build.0 = Release|Pocket PC 2003 (ARMV4)
		{AE1CEF51-1EBC-4935-A27D-1648CAAB205F}.Release|Pocket PC 2003 (ARMV4).Deploy.0 = Release|Pocket PC 2003 (ARMV4)
		{AE1CEF51-1EBC-4935-A27D-1648CAAB205F}.Release|Smartphone 2003 (ARMV4).ActiveCfg = Release|Smartphone 2003 (ARMV4)
		{AE1CEF51-1EBC-4935-A27D-1648CAAB205F}.Release|Smartphone 2003 (ARMV4).Build.0 = Release|Smartphone 2003 (ARMV4)
		{AE1CEF51-1EBC-4935-A27D-1648CAAB205F}.Release|Smartphone 2003 (ARMV4).Deploy.0 = Release|Smartphone 2003 (ARMV4)
		{AE1CEF51-1EBC-4935-A27D-1648CAAB205F}.Release|Windows Mobile 5.0 Pocket PC SDK (ARMV4I).ActiveCfg = Release|Windows Mobile 5.0 Pocket PC SDK (ARMV4I)
		{AE1CEF51-1EBC-4935-A27D-1648CAAB205F}.Release|Windows Mobile 5.0 Pocket PC SDK (ARMV4I).Build.0 = Release|Windows Mobile 5.0 Pocket PC SDK (ARMV4I)
		{AE1CEF51-1EBC-4935-A27D-1648CAAB205F}.Release|Windows Mobile 5.0 Pocket PC SDK (ARMV4I).Deploy.0 = Release|Windows Mobile 5.0 Pocket PC SDK (ARMV4I)
		{AE1CEF51-1EBC-4935-A27D-1648CAAB205F}.Release|Windows Mobile 5.0 Smartphone SDK (ARMV4I).ActiveCfg = Release|Windows Mobile 5.0 Smartphone SDK (ARMV4I)
		{AE1CEF51-1EBC-4935-A27D-1648CAAB205F}.Release|Windows Mobile 5.0 Smartphone SDK (ARMV4I).Build.0 = Release|Windows Mobile 5.0 Smartphone SDK (ARMV4I)
		{AE1CEF51-1EBC-4935-A27D-1648CAAB205F}.Release|Windows Mobile 5.0 Smartphone SDK (ARMV4I).Deploy.0 = Release|Windows Mobile 5.0 Smartphone SDK (ARMV4I)
		{00FD9B15-E808-45FB-9CA9-FBC152582041}.Debug|Pocket PC 2003 (ARMV4).ActiveCfg = Debug
		{00FD9B15-E808-45FB-9CA9-FBC152582041}.Debug|Pocket PC 2003 (ARMV4).Build.0 = Debug
		{00FD9B15-E808-45FB-9CA9-FBC152582041}.Debug|Smartphone 2003 (ARMV4).ActiveCfg = Debug
		{00FD9B15-E808-45FB-9CA9-FBC152582041}.Debug|Windows Mobile 5.0 Pocket PC SDK (ARMV4I).ActiveCfg = Debug
		{00FD9B15-E808-45FB-9CA9-FBC152582041}.Debug|Windows Mobile 5.0 Smartphone SDK (ARMV4I).ActiveCfg = Debug
		{00FD9B15-E808-45FB-9CA9-FBC152582041}.Release|Pocket PC 2003 (ARMV4).ActiveCfg = Release
		{00FD9B15-E808-45FB-9CA9-FBC152582041}.Release|Pocket PC 2003 (ARMV4).Build.0 = Release
		{00FD9B15-E808-45FB-9CA9-FBC152582041}.Release|Smartphone 2003 (ARMV4).ActiveCfg = Release
		{00FD9B15-E808-45FB-9CA9-FBC152582041}.Release|Windows Mobile 5.0 Pocket PC SDK (ARMV4I).ActiveCfg = Release
		{00FD9B15-E808-45FB-9CA9-FBC152582041}.Release|Windows Mobile 5.0 Smartphone SDK (ARMV4I).ActiveCfg = Release
	EndGlobalSection
	GlobalSection(SolutionProperties) = preSolution
		HideSolutionNode = FALSE
	EndGlobalSection
EndGlobal
